// !$*UTF8*$!
{
	archiveVersion = 1;
	classes = {
	};
	objectVersion = 50;
	objects = {

/* Begin PBXBuildFile section */
		FEAC6DBC214BB051000A4D8B /* AppDelegate.swift in Sources */ = {isa = PBXBuildFile; fileRef = FEAC6DBB214BB051000A4D8B /* AppDelegate.swift */; };
		FEAC6DBE214BB051000A4D8B /* ViewController.swift in Sources */ = {isa = PBXBuildFile; fileRef = FEAC6DBD214BB051000A4D8B /* ViewController.swift */; };
		FEAC6DC1214BB051000A4D8B /* Main.storyboard in Resources */ = {isa = PBXBuildFile; fileRef = FEAC6DBF214BB051000A4D8B /* Main.storyboard */; };
		FEAC6DC3214BB054000A4D8B /* Assets.xcassets in Resources */ = {isa = PBXBuildFile; fileRef = FEAC6DC2214BB054000A4D8B /* Assets.xcassets */; };
		FEAC6DC6214BB054000A4D8B /* LaunchScreen.storyboard in Resources */ = {isa = PBXBuildFile; fileRef = FEAC6DC4214BB054000A4D8B /* LaunchScreen.storyboard */; };
		FEAC6DCE214BB06D000A4D8B /* AreaView.swift in Sources */ = {isa = PBXBuildFile; fileRef = FEAC6DCD214BB06D000A4D8B /* AreaView.swift */; };
/* End PBXBuildFile section */

/* Begin PBXFileReference section */
		FEAC6DB8214BB051000A4D8B /* AreaAlarm.app */ = {isa = PBXFileReference; explicitFileType = wrapper.application; includeInIndex = 0; path = AreaAlarm.app; sourceTree = BUILT_PRODUCTS_DIR; };
		FEAC6DBB214BB051000A4D8B /* AppDelegate.swift */ = {isa = PBXFileReference; lastKnownFileType = sourcecode.swift; path = AppDelegate.swift; sourceTree = "<group>"; };
		FEAC6DBD214BB051000A4D8B /* ViewController.swift */ = {isa = PBXFileReference; lastKnownFileType = sourcecode.swift; path = ViewController.swift; sourceTree = "<group>"; };
		FEAC6DC0214BB051000A4D8B /* Base */ = {isa = PBXFileReference; lastKnownFileType = file.storyboard; name = Base; path = Base.lproj/Main.storyboard; sourceTree = "<group>"; };
		FEAC6DC2214BB054000A4D8B /* Assets.xcassets */ = {isa = PBXFileReference; lastKnownFileType = folder.assetcatalog; path = Assets.xcassets; sourceTree = "<group>"; };
		FEAC6DC5214BB054000A4D8B /* Base */ = {isa = PBXFileReference; lastKnownFileType = file.storyboard; name = Base; path = Base.lproj/LaunchScreen.storyboard; sourceTree = "<group>"; };
		FEAC6DC7214BB054000A4D8B /* Info.plist */ = {isa = PBXFileReference; lastKnownFileType = text.plist.xml; path = Info.plist; sourceTree = "<group>"; };
		FEAC6DCD214BB06D000A4D8B /* AreaView.swift */ = {isa = PBXFileReference; lastKnownFileType = sourcecode.swift; path = AreaView.swift; sourceTree = "<group>"; };
/* End PBXFileReference section */

/* Begin PBXFrameworksBuildPhase section */
		FEAC6DB5214BB051000A4D8B /* Frameworks */ = {
			isa = PBXFrameworksBuildPhase;
			buildActionMask = 2147483647;
			files = (
			);
			runOnlyForDeploymentPostprocessing = 0;
		};
/* End PBXFrameworksBuildPhase section */

/* Begin PBXGroup section */
		FEAC6DAF214BB051000A4D8B = {
			isa = PBXGroup;
			children = (
				FEAC6DBA214BB051000A4D8B /* AreaAlarm */,
				FEAC6DB9214BB051000A4D8B /* Products */,
			);
			sourceTree = "<group>";
		};
		FEAC6DB9214BB051000A4D8B /* Products */ = {
			isa = PBXGroup;
			children = (
				FEAC6DB8214BB051000A4D8B /* AreaAlarm.app */,
			);
			name = Products;
			sourceTree = "<group>";
		};
		FEAC6DBA214BB051000A4D8B /* AreaAlarm */ = {
			isa = PBXGroup;
			children = (
				FEAC6DBB214BB051000A4D8B /* AppDelegate.swift */,
				FEAC6DBD214BB051000A4D8B /* ViewController.swift */,
				FEAC6DCD214BB06D000A4D8B /* AreaView.swift */,
				FEAC6DBF214BB051000A4D8B /* Main.storyboard */,
				FEAC6DC2214BB054000A4D8B /* Assets.xcassets */,
				FEAC6DC4214BB054000A4D8B /* LaunchScreen.storyboard */,
				FEAC6DC7214BB054000A4D8B /* Info.plist */,
			);
			path = AreaAlarm;
			sourceTree = "<group>";
		};
/* End PBXGroup section */

/* Begin PBXNativeTarget section */
		FEAC6DB7214BB051000A4D8B /* AreaAlarm */ = {
			isa = PBXNativeTarget;
			buildConfigurationList = FEAC6DCA214BB054000A4D8B /* Build configuration list for PBXNativeTarget "AreaAlarm" */;
			buildPhases = (
				FEAC6DB4214BB051000A4D8B /* Sources */,
				FEAC6DB5214BB051000A4D8B /* Frameworks */,
				FEAC6DB6214BB051000A4D8B /* Resources */,
			);
			buildRules = (
			);
			dependencies = (
			);
			name = AreaAlarm;
			productName = AreaAlarm;
			productReference = FEAC6DB8214BB051000A4D8B /* AreaAlarm.app */;
			productType = "com.apple.product-type.application";
		};
/* End PBXNativeTarget section */

/* Begin PBXProject section */
		FEAC6DB0214BB051000A4D8B /* Project object */ = {
			isa = PBXProject;
			attributes = {
				LastSwiftUpdateCheck = 0940;
				LastUpgradeCheck = 0940;
				ORGANIZATIONNAME = "Mengxuan Chen";
				TargetAttributes = {
					FEAC6DB7214BB051000A4D8B = {
						CreatedOnToolsVersion = 9.4;
					};
				};
			};
			buildConfigurationList = FEAC6DB3214BB051000A4D8B /* Build configuration list for PBXProject "AreaAlarm" */;
			compatibilityVersion = "Xcode 9.3";
			developmentRegion = en;
			hasScannedForEncodings = 0;
			knownRegions = (
				en,
				Base,
			);
			mainGroup = FEAC6DAF214BB051000A4D8B;
			productRefGroup = FEAC6DB9214BB051000A4D8B /* Products */;
			projectDirPath = "";
			projectRoot = "";
			targets = (
				FEAC6DB7214BB051000A4D8B /* AreaAlarm */,
			);
		};
/* End PBXProject section */

/* Begin PBXResourcesBuildPhase section */
		FEAC6DB6214BB051000A4D8B /* Resources */ = {
			isa = PBXResourcesBuildPhase;
			buildActionMask = 2147483647;
			files = (
				FEAC6DC6214BB054000A4D8B /* LaunchScreen.storyboard in Resources */,
				FEAC6DC3214BB054000A4D8B /* Assets.xcassets in Resources */,
				FEAC6DC1214BB051000A4D8B /* Main.storyboard in Resources */,
			);
			runOnlyForDeploymentPostprocessing = 0;
		};
/* End PBXResourcesBuildPhase section */

/* Begin PBXSourcesBuildPhase section */
		FEAC6DB4214BB051000A4D8B /* Sources */ = {
			isa = PBXSourcesBuildPhase;
			buildActionMask = 2147483647;
			files = (
				FEAC6DCE214BB06D000A4D8B /* AreaView.swift in Sources */,
				FEAC6DBE214BB051000A4D8B /* ViewController.swift in Sources */,
				FEAC6DBC214BB051000A4D8B /* AppDelegate.swift in Sources */,
			);
			runOnlyForDeploymentPostprocessing = 0;
		};
/* End PBXSourcesBuildPhase section */

/* Begin PBXVariantGroup section */
		FEAC6DBF214BB051000A4D8B /* Main.storyboard */ = {
			isa = PBXVariantGroup;
			children = (
				FEAC6DC0214BB051000A4D8B /* Base */,
			);
			name = Main.storyboard;
			sourceTree = "<group>";
		};
		FEAC6DC4214BB054000A4D8B /* LaunchScreen.storyboard */ = {
			isa = PBXVariantGroup;
			children = (
				FEAC6DC5214BB054000A4D8B /* Base */,
			);
			name = LaunchScreen.storyboard;
			sourceTree = "<group>";
		};
/* End PBXVariantGroup section */

/* Begin XCBuildConfiguration section */
		FEAC6DC8214BB054000A4D8B /* Debug */ = {
			isa = XCBuildConfiguration;
			buildSettings = {
				ALWAYS_SEARCH_USER_PATHS = NO;
				CLANG_ANALYZER_NONNULL = YES;
				CLANG_ANALYZER_NUMBER_OBJECT_CONVERSION = YES_AGGRESSIVE;
				CLANG_CXX_LANGUAGE_STANDARD = "gnu++14";
				CLANG_CXX_LIBRARY = "libc++";
				CLANG_ENABLE_MODULES = YES;
				CLANG_ENABLE_OBJC_ARC = YES;
				CLANG_ENABLE_OBJC_WEAK = YES;
				CLANG_WARN_BLOCK_CAPTURE_AUTORELEASING = YES;
				CLANG_WARN_BOOL_CONVERSION = YES;
				CLANG_WARN_COMMA = YES;
				CLANG_WARN_CONSTANT_CONVERSION = YES;
				CLANG_WARN_DEPRECATED_OBJC_IMPLEMENTATIONS = YES;
				CLANG_WARN_DIRECT_OBJC_ISA_USAGE = YES_ERROR;
				CLANG_WARN_DOCUMENTATION_COMMENTS = YES;
				CLANG_WARN_EMPTY_BODY = YES;
				CLANG_WARN_ENUM_CONVERSION = YES;
				CLANG_WARN_INFINITE_RECURSION = YES;
				CLANG_WARN_INT_CONVERSION = YES;
				CLANG_WARN_NON_LITERAL_NULL_CONVERSION = YES;
				CLANG_WARN_OBJC_IMPLICIT_RETAIN_SELF = YES;
				CLANG_WARN_OBJC_LITERAL_CONVERSION = YES;
				CLANG_WARN_OBJC_ROOT_CLASS = YES_ERROR;
				CLANG_WARN_RANGE_LOOP_ANALYSIS = YES;
				CLANG_WARN_STRICT_PROTOTYPES = YES;
				CLANG_WARN_SUSPICIOUS_MOVE = YES;
				CLANG_WARN_UNGUARDED_AVAILABILITY = YES_AGGRESSIVE;
				CLANG_WARN_UNREACHABLE_CODE = YES;
				CLANG_WARN__DUPLICATE_METHOD_MATCH = YES;
				CODE_SIGN_IDENTITY = "iPhone Developer";
				COPY_PHASE_STRIP = NO;
				DEBUG_INFORMATION_FORMAT = dwarf;
				ENABLE_STRICT_OBJC_MSGSEND = YES;
				ENABLE_TESTABILITY = YES;
				GCC_C_LANGUAGE_STANDARD = gnu11;
				GCC_DYNAMIC_NO_PIC = NO;
				GCC_NO_COMMON_BLOCKS = YES;
				GCC_OPTIMIZATION_LEVEL = 0;
				GCC_PREPROCESSOR_DEFINITIONS = (
					"DEBUG=1",
					"$(inherited)",
				);
				GCC_WARN_64_TO_32_BIT_CONVERSION = YES;
				GCC_WARN_ABOUT_RETURN_TYPE = YES_ERROR;
				GCC_WARN_UNDECLARED_SELECTOR = YES;
				GCC_WARN_UNINITIALIZED_AUTOS = YES_AGGRESSIVE;
				GCC_WARN_UNUSED_FUNCTION = YES;
				GCC_WARN_UNUSED_VARIABLE = YES;
				IPHONEOS_DEPLOYMENT_TARGET = 11.4;
				MTL_ENABLE_DEBUG_INFO = YES;
				ONLY_ACTIVE_ARCH = YES;
				SDKROOT = iphoneos;
				SWIFT_ACTIVE_COMPILATION_CONDITIONS = DEBUG;
				SWIFT_OPTIMIZATION_LEVEL = "-Onone";
			};
			name = Debug;
		};
		FEAC6DC9214BB054000A4D8B /* Release */ = {
			isa = XCBuildConfiguration;
			buildSettings = {
				ALWAYS_SEARCH_USER_PATHS = NO;
				CLANG_ANALYZER_NONNULL = YES;
				CLANG_ANALYZER_NUMBER_OBJECT_CONVERSION = YES_AGGRESSIVE;
				CLANG_CXX_LANGUAGE_STANDARD = "gnu++14";
				CLANG_CXX_LIBRARY = "libc++";
				CLANG_ENABLE_MODULES = YES;
				CLANG_ENABLE_OBJC_ARC = YES;
				CLANG_ENABLE_OBJC_WEAK = YES;
				CLANG_WARN_BLOCK_CAPTURE_AUTORELEASING = YES;
				CLANG_WARN_BOOL_CONVERSION = YES;
				CLANG_WARN_COMMA = YES;
				CLANG_WARN_CONSTANT_CONVERSION = YES;
				CLANG_WARN_DEPRECATED_OBJC_IMPLEMENTATIONS = YES;
				CLANG_WARN_DIRECT_OBJC_ISA_USAGE = YES_ERROR;
				CLANG_WARN_DOCUMENTATION_COMMENTS = YES;
				CLANG_WARN_EMPTY_BODY = YES;
				CLANG_WARN_ENUM_CONVERSION = YES;
				CLANG_WARN_INFINITE_RECURSION = YES;
				CLANG_WARN_INT_CONVERSION = YES;
				CLANG_WARN_NON_LITERAL_NULL_CONVERSION = YES;
				CLANG_WARN_OBJC_IMPLICIT_RETAIN_SELF = YES;
				CLANG_WARN_OBJC_LITERAL_CONVERSION = YES;
				CLANG_WARN_OBJC_ROOT_CLASS = YES_ERROR;
				CLANG_WARN_RANGE_LOOP_ANALYSIS = YES;
				CLANG_WARN_STRICT_PROTOTYPES = YES;
				CLANG_WARN_SUSPICIOUS_MOVE = YES;
				CLANG_WARN_UNGUARDED_AVAILABILITY = YES_AGGRESSIVE;
				CLANG_WARN_UNREACHABLE_CODE = YES;
				CLANG_WARN__DUPLICATE_METHOD_MATCH = YES;
				CODE_SIGN_IDENTITY = "iPhone Developer";
				COPY_PHASE_STRIP = NO;
				DEBUG_INFORMATION_FORMAT = "dwarf-with-dsym";
				ENABLE_NS_ASSERTIONS = NO;
				ENABLE_STRICT_OBJC_MSGSEND = YES;
				GCC_C_LANGUAGE_STANDARD = gnu11;
				GCC_NO_COMMON_BLOCKS = YES;
				GCC_WARN_64_TO_32_BIT_CONVERSION = YES;
				GCC_WARN_ABOUT_RETURN_TYPE = YES_ERROR;
				GCC_WARN_UNDECLARED_SELECTOR = YES;
				GCC_WARN_UNINITIALIZED_AUTOS = YES_AGGRESSIVE;
				GCC_WARN_UNUSED_FUNCTION = YES;
				GCC_WARN_UNUSED_VARIABLE = YES;
				IPHONEOS_DEPLOYMENT_TARGET = 11.4;
				MTL_ENABLE_DEBUG_INFO = NO;
				SDKROOT = iphoneos;
				SWIFT_COMPILATION_MODE = wholemodule;
				SWIFT_OPTIMIZATION_LEVEL = "-O";
				VALIDATE_PRODUCT = YES;
			};
			name = Release;
		};
		FEAC6DCB214BB054000A4D8B /* Debug */ = {
			isa = XCBuildConfiguration;
			buildSettings = {
				ASSETCATALOG_COMPILER_APPICON_NAME = AppIcon;
				CODE_SIGN_STYLE = Automatic;
				DEVELOPMENT_TEAM = N79NWV53J9;
				INFOPLIST_FILE = AreaAlarm/Info.plist;
				LD_RUNPATH_SEARCH_PATHS = (
					"$(inherited)",
					"@executable_path/Frameworks",
				);
				PRODUCT_BUNDLE_IDENTIFIER = chenmengxuan.AreaAlarm;
				PRODUCT_NAME = "$(TARGET_NAME)";
				SWIFT_VERSION = 4.0;
				TARGETED_DEVICE_FAMILY = "1,2";
			};
			name = Debug;
		};
		FEAC6DCC214BB054000A4D8B /* Release */ = {
			isa = XCBuildConfiguration;
			buildSettings = {
				ASSETCATALOG_COMPILER_APPICON_NAME = AppIcon;
				CODE_SIGN_STYLE = Automatic;
				DEVELOPMENT_TEAM = N79NWV53J9;
				INFOPLIST_FILE = AreaAlarm/Info.plist;
				LD_RUNPATH_SEARCH_PATHS = (
					"$(inherited)",
					"@executable_path/Frameworks",
				);
				PRODUCT_BUNDLE_IDENTIFIER = chenmengxuan.AreaAlarm;
				PRODUCT_NAME = "$(TARGET_NAME)";
				SWIFT_VERSION = 4.0;
				TARGETED_DEVICE_FAMILY = "1,2";
			};
			name = Release;
		};
/* End XCBuildConfiguration section */

/* Begin XCConfigurationList section */
		FEAC6DB3214BB051000A4D8B /* Build configuration list for PBXProject "AreaAlarm" */ = {
			isa = XCConfigurationList;
			buildConfigurations = (
				FEAC6DC8214BB054000A4D8B /* Debug */,
				FEAC6DC9214BB054000A4D8B /* Release */,
			);
			defaultConfigurationIsVisible = 0;
			defaultConfigurationName = Release;
		};
		FEAC6DCA214BB054000A4D8B /* Build configuration list for PBXNativeTarget "AreaAlarm" */ = {
			isa = XCConfigurationList;
			buildConfigurations = (
				FEAC6DCB214BB054000A4D8B /* Debug */,
				FEAC6DCC214BB054000A4D8B /* Release */,
			);
			defaultConfigurationIsVisible = 0;
			defaultConfigurationName = Release;
		};
/* End XCConfigurationList section */
	};
	rootObject = FEAC6DB0214BB051000A4D8B /* Project object */;
}
